
Microsoft Visual Studio Solution File, Format Version 12.00
# Visual Studio 15
VisualStudioVersion = 15.0.28010.2003
MinimumVisualStudioVersion = 10.0.40219.1
Project("{FAE04EC0-301F-11D3-BF4B-00C04F79EFBC}") = "PhotoSharing", "PhotoSharing\PhotoSharing.csproj", "{6C32DED4-55C2-4F41-BC1C-8FD13FD13728}"
EndProject
Global
	GlobalSection(SolutionConfigurationPlatforms) = preSolution
		Debug|Any CPU = Debug|Any CPU
		Release|Any CPU = Release|Any CPU
	EndGlobalSection
	GlobalSection(ProjectConfigurationPlatforms) = postSolution
		{6C32DED4-55C2-4F41-BC1C-8FD13FD13728}.Debug|Any CPU.ActiveCfg = Debug|Any CPU
		{6C32DED4-55C2-4F41-BC1C-8FD13FD13728}.Debug|Any CPU.Build.0 = Debug|Any CPU
		{6C32DED4-55C2-4F41-BC1C-8FD13FD13728}.Release|Any CPU.ActiveCfg = Release|Any CPU
		{6C32DED4-55C2-4F41-BC1C-8FD13FD13728}.Release|Any CPU.Build.0 = Release|Any CPU
	EndGlobalSection
	GlobalSection(SolutionProperties) = preSolution
		HideSolutionNode = FALSE
	EndGlobalSection
	GlobalSection(ExtensibilityGlobals) = postSolution
		SolutionGuid = {DAC8FCD7-C270-4286-AD79-5E00B9714663}
	EndGlobalSection
EndGlobal
